// !$*UTF8*$!
{
	archiveVersion = 1;
	classes = {
	};
	objectVersion = 77;
	objects = {

/* Begin PBXBuildFile section */
		A10000012233445566000052 /* OneSignalNotificationServiceExtension.appex in Embed Foundation Extensions */ = {isa = PBXBuildFile; fileRef = A10000012233445566000032 /* OneSignalNotificationServiceExtension.appex */; settings = {ATTRIBUTES = (CodeSignOnCopy, RemoveHeadersOnCopy, ); }; };
		A10000012233445566100021 /* Alamofire in Frameworks */ = {isa = PBXBuildFile; productRef = A10000012233445566100011 /* Alamofire */; };
		A10000012233445566100022 /* OneSignalFramework in Frameworks */ = {isa = PBXBuildFile; productRef = A10000012233445566100012 /* OneSignalFramework */; };
		A10000012233445566100023 /* OneSignalInAppMessages in Frameworks */ = {isa = PBXBuildFile; productRef = A10000012233445566100013 /* OneSignalInAppMessages */; };
		A10000012233445566100024 /* AppsFlyerLib-Static in Frameworks */ = {isa = PBXBuildFile; productRef = A10000012233445566100014 /* AppsFlyerLib-Static */; };
		A10000012233445566100025 /* OneSignalExtension in Frameworks */ = {isa = PBXBuildFile; productRef = A10000012233445566100015 /* OneSignalExtension */; };
/* End PBXBuildFile section */

/* Begin PBXContainerItemProxy section */
		A10000012233445566000053 /* PBXContainerItemProxy */ = {
			isa = PBXContainerItemProxy;
			containerPortal = 6B248B8D357166924B735D41 /* Project object */;
			proxyType = 1;
			remoteGlobalIDString = A10000012233445566000031;
			remoteInfo = OneSignalNotificationServiceExtension;
		};
		EC0A1B2C3D45566778899C1 /* PBXContainerItemProxy */ = {
			isa = PBXContainerItemProxy;
			containerPortal = 6B248B8D357166924B735D41 /* Project object */;
			proxyType = 1;
			remoteGlobalIDString = B5176C35EB5FA6DC4A5ABFB5;
			remoteInfo = app_268;
		};
/* End PBXContainerItemProxy section */

/* Begin PBXCopyFilesBuildPhase section */
		A10000012233445566000051 /* Embed Foundation Extensions */ = {
			isa = PBXCopyFilesBuildPhase;
			buildActionMask = 2147483647;
			dstPath = "";
			dstSubfolderSpec = 13;
			files = (
				A10000012233445566000052 /* OneSignalNotificationServiceExtension.appex in Embed Foundation Extensions */,
			);
			name = "Embed Foundation Extensions";
			runOnlyForDeploymentPostprocessing = 0;
		};
/* End PBXCopyFilesBuildPhase section */

/* Begin PBXFileReference section */
		70DC26FEA853B70795BCCC07 /* app_268.app */ = {isa = PBXFileReference; explicitFileType = wrapper.application; includeInIndex = 0; path = app_268.app; sourceTree = BUILT_PRODUCTS_DIR; };
		A10000012233445566000032 /* OneSignalNotificationServiceExtension.appex */ = {isa = PBXFileReference; explicitFileType = "wrapper.app-extension"; includeInIndex = 0; path = OneSignalNotificationServiceExtension.appex; sourceTree = BUILT_PRODUCTS_DIR; };
		E2F0A1B2C3D45566778899AA /* app_268Tests.xctest */ = {isa = PBXFileReference; explicitFileType = wrapper.cfbundle; includeInIndex = 0; path = app_268Tests.xctest; sourceTree = BUILT_PRODUCTS_DIR; };
/* End PBXFileReference section */

/* Begin PBXFileSystemSynchronizedBuildFileExceptionSet section */
		B20000012233445566000001 /* Exceptions for "app_268" folder in "app_268" target */ = {
			isa = PBXFileSystemSynchronizedBuildFileExceptionSet;
			membershipExceptions = (
				Info.plist,
			);
			target = B5176C35EB5FA6DC4A5ABFB5 /* app_268 */;
		};
		B20000012233445566000002 /* Exceptions for "OneSignalNotificationServiceExtension" folder in "OneSignalNotificationServiceExtension" target */ = {
			isa = PBXFileSystemSynchronizedBuildFileExceptionSet;
			membershipExceptions = (
				Info.plist,
			);
			target = A10000012233445566000031 /* OneSignalNotificationServiceExtension */;
		};
/* End PBXFileSystemSynchronizedBuildFileExceptionSet section */

/* Begin PBXFileSystemSynchronizedRootGroup section */
		26A0763E0E81E306957CD87D /* app_268 */ = {
			isa = PBXFileSystemSynchronizedRootGroup;
			exceptions = (
				B20000012233445566000001 /* Exceptions for "app_268" folder in "app_268" target */,
			);
			path = app_268;
			sourceTree = "<group>";
		};
		A10000012233445566000033 /* OneSignalNotificationServiceExtension */ = {
			isa = PBXFileSystemSynchronizedRootGroup;
			exceptions = (
				B20000012233445566000002 /* Exceptions for "OneSignalNotificationServiceExtension" folder in "OneSignalNotificationServiceExtension" target */,
			);
			path = OneSignalNotificationServiceExtension;
			sourceTree = "<group>";
		};
		E3F0A1B2C3D45566778899AB /* app_268Tests */ = {
			isa = PBXFileSystemSynchronizedRootGroup;
			path = app_268Tests;
			sourceTree = "<group>";
		};
/* End PBXFileSystemSynchronizedRootGroup section */

/* Begin PBXFrameworksBuildPhase section */
		4EEE0860587E26CE6ADEDCE7 /* Frameworks */ = {
			isa = PBXFrameworksBuildPhase;
			buildActionMask = 2147483647;
			files = (
				A10000012233445566100021 /* Alamofire in Frameworks */,
				A10000012233445566100024 /* AppsFlyerLib-Static in Frameworks */,
				A10000012233445566100023 /* OneSignalInAppMessages in Frameworks */,
				A10000012233445566100022 /* OneSignalFramework in Frameworks */,
			);
			runOnlyForDeploymentPostprocessing = 0;
		};
		A10000012233445566000035 /* Frameworks */ = {
			isa = PBXFrameworksBuildPhase;
			buildActionMask = 2147483647;
			files = (
				A10000012233445566100025 /* OneSignalExtension in Frameworks */,
			);
			runOnlyForDeploymentPostprocessing = 0;
		};
		E4F0A1B2C3D45566778899AC /* Frameworks */ = {
			isa = PBXFrameworksBuildPhase;
			buildActionMask = 2147483647;
			files = (
			);
			runOnlyForDeploymentPostprocessing = 0;
		};
/* End PBXFrameworksBuildPhase section */

/* Begin PBXGroup section */
		3D1C604912B2B25E53953891 = {
			isa = PBXGroup;
			children = (
				26A0763E0E81E306957CD87D /* app_268 */,
				A10000012233445566000033 /* OneSignalNotificationServiceExtension */,
				E3F0A1B2C3D45566778899AB /* app_268Tests */,
				DF90B60B68895DAACE7A4853 /* Products */,
			);
			sourceTree = "<group>";
		};
		DF90B60B68895DAACE7A4853 /* Products */ = {
			isa = PBXGroup;
			children = (
				70DC26FEA853B70795BCCC07 /* app_268.app */,
				A10000012233445566000032 /* OneSignalNotificationServiceExtension.appex */,
				E2F0A1B2C3D45566778899AA /* app_268Tests.xctest */,
			);
			name = Products;
			sourceTree = "<group>";
		};
/* End PBXGroup section */

/* Begin PBXNativeTarget section */
		A10000012233445566000031 /* OneSignalNotificationServiceExtension */ = {
			isa = PBXNativeTarget;
			buildConfigurationList = A10000012233445566000043 /* Build configuration list for PBXNativeTarget "OneSignalNotificationServiceExtension" */;
			buildPhases = (
				A10000012233445566000034 /* Sources */,
				A10000012233445566000035 /* Frameworks */,
				A10000012233445566000036 /* Resources */,
			);
			buildRules = (
			);
			dependencies = (
			);
			fileSystemSynchronizedGroups = (
				A10000012233445566000033 /* OneSignalNotificationServiceExtension */,
			);
			name = OneSignalNotificationServiceExtension;
			packageProductDependencies = (
				A10000012233445566100015 /* OneSignalExtension */,
			);
			productName = OneSignalNotificationServiceExtension;
			productReference = A10000012233445566000032 /* OneSignalNotificationServiceExtension.appex */;
			productType = "com.apple.product-type.app-extension";
		};
		B5176C35EB5FA6DC4A5ABFB5 /* app_268 */ = {
			isa = PBXNativeTarget;
			buildConfigurationList = 8A113DD0F0BDCE98900FDB97 /* Build configuration list for PBXNativeTarget "app_268" */;
			buildPhases = (
				B1C7A6451BD40F52F6DD139C /* Sources */,
				4EEE0860587E26CE6ADEDCE7 /* Frameworks */,
				F96144544F3C6B1F624F0867 /* Resources */,
				A10000012233445566000051 /* Embed Foundation Extensions */,
			);
			buildRules = (
			);
			dependencies = (
				A10000012233445566000054 /* PBXTargetDependency */,
			);
			fileSystemSynchronizedGroups = (
				26A0763E0E81E306957CD87D /* app_268 */,
			);
			name = app_268;
			packageProductDependencies = (
				A10000012233445566100011 /* Alamofire */,
				A10000012233445566100014 /* AppsFlyerLib-Static */,
				A10000012233445566100013 /* OneSignalInAppMessages */,
				A10000012233445566100012 /* OneSignalFramework */,
			);
			productName = app_268;
			productReference = 70DC26FEA853B70795BCCC07 /* app_268.app */;
			productType = "com.apple.product-type.application";
		};
		E7F0A1B2C3D45566778899AF /* app_268Tests */ = {
			isa = PBXNativeTarget;
			buildConfigurationList = EE0A1B2C3D45566778899B0 /* Build configuration list for PBXNativeTarget "app_268Tests" */;
			buildPhases = (
				E6F0A1B2C3D45566778899AE /* Sources */,
				E4F0A1B2C3D45566778899AC /* Frameworks */,
				E5F0A1B2C3D45566778899AD /* Resources */,
			);
			buildRules = (
			);
			dependencies = (
				ED0A1B2C3D45566778899C2 /* PBXTargetDependency */,
			);
			fileSystemSynchronizedGroups = (
				E3F0A1B2C3D45566778899AB /* app_268Tests */,
			);
			name = app_268Tests;
			packageProductDependencies = (
			);
			productName = app_268Tests;
			productReference = E2F0A1B2C3D45566778899AA /* app_268Tests.xctest */;
			productType = "com.apple.product-type.bundle.unit-test";
		};
/* End PBXNativeTarget section */

/* Begin PBXProject section */
		6B248B8D357166924B735D41 /* Project object */ = {
			isa = PBXProject;
			attributes = {
				BuildIndependentTargetsInParallel = 1;
				LastSwiftUpdateCheck = 1600;
				LastUpgradeCheck = 1600;
				TargetAttributes = {
					A10000012233445566000031 = {
						CreatedOnToolsVersion = 16.0;
					};
					B5176C35EB5FA6DC4A5ABFB5 = {
						CreatedOnToolsVersion = 16.0;
					};
					E7F0A1B2C3D45566778899AF = {
						CreatedOnToolsVersion = 16.0;
						TestTargetID = B5176C35EB5FA6DC4A5ABFB5;
					};
				};
			};
			buildConfigurationList = C794BF24D2EBFDC7E9B3C12D /* Build configuration list for PBXProject "app_268" */;
			developmentRegion = en;
			hasScannedForEncodings = 0;
			knownRegions = (
				en,
				Base,
			);
			mainGroup = 3D1C604912B2B25E53953891;
			minimizedProjectReferenceProxies = 1;
			packageReferences = (
				A10000012233445566100003 /* XCRemoteSwiftPackageReference "AppsFlyerFramework-Static" */,
				A10000012233445566100001 /* XCRemoteSwiftPackageReference "Alamofire" */,
				A10000012233445566100002 /* XCRemoteSwiftPackageReference "OneSignal-XCFramework" */,
			);
			preferredProjectObjectVersion = 77;
			productRefGroup = DF90B60B68895DAACE7A4853 /* Products */;
			projectDirPath = "";
			projectRoot = "";
			targets = (
				B5176C35EB5FA6DC4A5ABFB5 /* app_268 */,
				A10000012233445566000031 /* OneSignalNotificationServiceExtension */,
				E7F0A1B2C3D45566778899AF /* app_268Tests */,
			);
		};
/* End PBXProject section */

/* Begin PBXResourcesBuildPhase section */
		A10000012233445566000036 /* Resources */ = {
			isa = PBXResourcesBuildPhase;
			buildActionMask = 2147483647;
			files = (
			);
			runOnlyForDeploymentPostprocessing = 0;
		};
		E5F0A1B2C3D45566778899AD /* Resources */ = {
			isa = PBXResourcesBuildPhase;
			buildActionMask = 2147483647;
			files = (
			);
			runOnlyForDeploymentPostprocessing = 0;
		};
		F96144544F3C6B1F624F0867 /* Resources */ = {
			isa = PBXResourcesBuildPhase;
			buildActionMask = 2147483647;
			files = (
			);
			runOnlyForDeploymentPostprocessing = 0;
		};
/* End PBXResourcesBuildPhase section */

/* Begin PBXSourcesBuildPhase section */
		A10000012233445566000034 /* Sources */ = {
			isa = PBXSourcesBuildPhase;
			buildActionMask = 2147483647;
			files = (
			);
			runOnlyForDeploymentPostprocessing = 0;
		};
		B1C7A6451BD40F52F6DD139C /* Sources */ = {
			isa = PBXSourcesBuildPhase;
			buildActionMask = 2147483647;
			files = (
			);
			runOnlyForDeploymentPostprocessing = 0;
		};
		E6F0A1B2C3D45566778899AE /* Sources */ = {
			isa = PBXSourcesBuildPhase;
			buildActionMask = 2147483647;
			files = (
			);
			runOnlyForDeploymentPostprocessing = 0;
		};
/* End PBXSourcesBuildPhase section */

/* Begin PBXTargetDependency section */
		A10000012233445566000054 /* PBXTargetDependency */ = {
			isa = PBXTargetDependency;
			target = A10000012233445566000031 /* OneSignalNotificationServiceExtension */;
			targetProxy = A10000012233445566000053 /* PBXContainerItemProxy */;
		};
		ED0A1B2C3D45566778899C2 /* PBXTargetDependency */ = {
			isa = PBXTargetDependency;
			target = B5176C35EB5FA6DC4A5ABFB5 /* app_268 */;
			targetProxy = EC0A1B2C3D45566778899C1 /* PBXContainerItemProxy */;
		};
/* End PBXTargetDependency section */

/* Begin XCBuildConfiguration section */
		4CF364002F35F0404B5B5FFB /* Debug */ = {
			isa = XCBuildConfiguration;
			buildSettings = {
				ASSETCATALOG_COMPILER_APPICON_NAME = AppIcon;
				ASSETCATALOG_COMPILER_GLOBAL_ACCENT_COLOR_NAME = AccentColor;
				CODE_SIGN_ENTITLEMENTS = app_268/app_268Debug.entitlements;
				CODE_SIGN_STYLE = Automatic;
<<<<<<< HEAD
				CURRENT_PROJECT_VERSION = 13;
=======
				CURRENT_PROJECT_VERSION = 13;
>>>>>>> e5bc33e8dfb75d70b2e294238670d725c5f50b37
				DEVELOPMENT_TEAM = "";
				ENABLE_PREVIEWS = NO;
				GENERATE_INFOPLIST_FILE = NO;
				INFOPLIST_FILE = app_268/Info.plist;
				INFOPLIST_KEY_CFBundleDisplayName = Fooduch;
				LD_RUNPATH_SEARCH_PATHS = (
					"$(inherited)",
					"@executable_path/Frameworks",
				);
				MARKETING_VERSION = 1.2;
				PRODUCT_BUNDLE_IDENTIFIER = app.foodscan.ios;
				PRODUCT_NAME = "$(TARGET_NAME)";
				SUPPORTED_PLATFORMS = "iphoneos iphonesimulator";
				SUPPORTS_MACCATALYST = NO;
				SWIFT_EMIT_LOC_STRINGS = NO;
				SWIFT_VERSION = 5.0;
				TARGETED_DEVICE_FAMILY = 1;
			};
			name = Debug;
		};
		5E0CE37E3DF7E39E5AE55ECC /* Release */ = {
			isa = XCBuildConfiguration;
			buildSettings = {
				ALWAYS_SEARCH_USER_PATHS = NO;
				ASSETCATALOG_COMPILER_GENERATE_SWIFT_ASSET_SYMBOL_EXTENSIONS = YES;
				CLANG_ANALYZER_NONNULL = YES;
				CLANG_ANALYZER_NUMBER_OBJECT_CONVERSION = YES_AGGRESSIVE;
				CLANG_CXX_LANGUAGE_STANDARD = "gnu++20";
				CLANG_ENABLE_MODULES = YES;
				CLANG_ENABLE_OBJC_ARC = YES;
				CLANG_ENABLE_OBJC_WEAK = YES;
				CLANG_WARN_BLOCK_CAPTURE_AUTORELEASING = YES;
				CLANG_WARN_BOOL_CONVERSION = YES;
				CLANG_WARN_COMMA = YES;
				CLANG_WARN_CONSTANT_CONVERSION = YES;
				CLANG_WARN_DEPRECATED_OBJC_IMPLEMENTATIONS = YES;
				CLANG_WARN_DIRECT_OBJC_ISA_USAGE = YES_ERROR;
				CLANG_WARN_DOCUMENTATION_COMMENTS = YES;
				CLANG_WARN_EMPTY_BODY = YES;
				CLANG_WARN_ENUM_CONVERSION = YES;
				CLANG_WARN_INFINITE_RECURSION = YES;
				CLANG_WARN_INT_CONVERSION = YES;
				CLANG_WARN_NON_LITERAL_NULL_CONVERSION = YES;
				CLANG_WARN_OBJC_IMPLICIT_RETAIN_SELF = YES;
				CLANG_WARN_OBJC_LITERAL_CONVERSION = YES;
				CLANG_WARN_OBJC_ROOT_CLASS = YES_ERROR;
				CLANG_WARN_QUOTED_INCLUDE_IN_FRAMEWORK_HEADER = YES;
				CLANG_WARN_RANGE_LOOP_ANALYSIS = YES;
				CLANG_WARN_STRICT_PROTOTYPES = YES;
				CLANG_WARN_SUSPICIOUS_MOVE = YES;
				CLANG_WARN_UNGUARDED_AVAILABILITY = YES_AGGRESSIVE;
				CLANG_WARN_UNREACHABLE_CODE = YES;
				CLANG_WARN__DUPLICATE_METHOD_MATCH = YES;
				COPY_PHASE_STRIP = NO;
				DEBUG_INFORMATION_FORMAT = "dwarf-with-dsym";
				ENABLE_NS_ASSERTIONS = NO;
				ENABLE_STRICT_OBJC_MSGSEND = YES;
				ENABLE_USER_SCRIPT_SANDBOXING = YES;
				GCC_C_LANGUAGE_STANDARD = gnu17;
				GCC_NO_COMMON_BLOCKS = YES;
				GCC_WARN_64_TO_32_BIT_CONVERSION = YES;
				GCC_WARN_ABOUT_RETURN_TYPE = YES_ERROR;
				GCC_WARN_UNDECLARED_SELECTOR = YES;
				GCC_WARN_UNINITIALIZED_AUTOS = YES_AGGRESSIVE;
				GCC_WARN_UNUSED_FUNCTION = YES;
				GCC_WARN_UNUSED_VARIABLE = YES;
				IPHONEOS_DEPLOYMENT_TARGET = 17.0;
				LOCALIZATION_PREFERS_STRING_CATALOGS = NO;
				MTL_ENABLE_DEBUG_INFO = NO;
				MTL_FAST_MATH = YES;
				PLATFORM_DISPLAY_NAME = iOS;
				SDKROOT = iphoneos;
				SWIFT_COMPILATION_MODE = wholemodule;
				VALIDATE_PRODUCT = YES;
			};
			name = Release;
		};
		6230AE425B254919BD21BA52 /* Debug */ = {
			isa = XCBuildConfiguration;
			buildSettings = {
				ALWAYS_SEARCH_USER_PATHS = NO;
				ASSETCATALOG_COMPILER_GENERATE_SWIFT_ASSET_SYMBOL_EXTENSIONS = YES;
				CLANG_ANALYZER_NONNULL = YES;
				CLANG_ANALYZER_NUMBER_OBJECT_CONVERSION = YES_AGGRESSIVE;
				CLANG_CXX_LANGUAGE_STANDARD = "gnu++20";
				CLANG_ENABLE_MODULES = YES;
				CLANG_ENABLE_OBJC_ARC = YES;
				CLANG_ENABLE_OBJC_WEAK = YES;
				CLANG_WARN_BLOCK_CAPTURE_AUTORELEASING = YES;
				CLANG_WARN_BOOL_CONVERSION = YES;
				CLANG_WARN_COMMA = YES;
				CLANG_WARN_CONSTANT_CONVERSION = YES;
				CLANG_WARN_DEPRECATED_OBJC_IMPLEMENTATIONS = YES;
				CLANG_WARN_DIRECT_OBJC_ISA_USAGE = YES_ERROR;
				CLANG_WARN_DOCUMENTATION_COMMENTS = YES;
				CLANG_WARN_EMPTY_BODY = YES;
				CLANG_WARN_ENUM_CONVERSION = YES;
				CLANG_WARN_INFINITE_RECURSION = YES;
				CLANG_WARN_INT_CONVERSION = YES;
				CLANG_WARN_NON_LITERAL_NULL_CONVERSION = YES;
				CLANG_WARN_OBJC_IMPLICIT_RETAIN_SELF = YES;
				CLANG_WARN_OBJC_LITERAL_CONVERSION = YES;
				CLANG_WARN_OBJC_ROOT_CLASS = YES_ERROR;
				CLANG_WARN_QUOTED_INCLUDE_IN_FRAMEWORK_HEADER = YES;
				CLANG_WARN_RANGE_LOOP_ANALYSIS = YES;
				CLANG_WARN_STRICT_PROTOTYPES = YES;
				CLANG_WARN_SUSPICIOUS_MOVE = YES;
				CLANG_WARN_UNGUARDED_AVAILABILITY = YES_AGGRESSIVE;
				CLANG_WARN_UNREACHABLE_CODE = YES;
				CLANG_WARN__DUPLICATE_METHOD_MATCH = YES;
				COPY_PHASE_STRIP = NO;
				DEBUG_INFORMATION_FORMAT = dwarf;
				ENABLE_STRICT_OBJC_MSGSEND = YES;
				ENABLE_TESTABILITY = YES;
				ENABLE_USER_SCRIPT_SANDBOXING = YES;
				GCC_C_LANGUAGE_STANDARD = gnu17;
				GCC_DYNAMIC_NO_PIC = NO;
				GCC_NO_COMMON_BLOCKS = YES;
				GCC_OPTIMIZATION_LEVEL = 0;
				GCC_PREPROCESSOR_DEFINITIONS = (
					"DEBUG=1",
					"$(inherited)",
				);
				GCC_WARN_64_TO_32_BIT_CONVERSION = YES;
				GCC_WARN_ABOUT_RETURN_TYPE = YES_ERROR;
				GCC_WARN_UNDECLARED_SELECTOR = YES;
				GCC_WARN_UNINITIALIZED_AUTOS = YES_AGGRESSIVE;
				GCC_WARN_UNUSED_FUNCTION = YES;
				GCC_WARN_UNUSED_VARIABLE = YES;
				IPHONEOS_DEPLOYMENT_TARGET = 17.0;
				LOCALIZATION_PREFERS_STRING_CATALOGS = NO;
				MTL_ENABLE_DEBUG_INFO = INCLUDE_SOURCE;
				MTL_FAST_MATH = YES;
				ONLY_ACTIVE_ARCH = YES;
				PLATFORM_DISPLAY_NAME = iOS;
				SDKROOT = iphoneos;
				SWIFT_ACTIVE_COMPILATION_CONDITIONS = "DEBUG $(inherited)";
				SWIFT_OPTIMIZATION_LEVEL = "-Onone";
			};
			name = Debug;
		};
		A10000012233445566000041 /* Debug */ = {
			isa = XCBuildConfiguration;
			buildSettings = {
				APPLICATION_EXTENSION_API_ONLY = YES;
				CODE_SIGN_ENTITLEMENTS = OneSignalNotificationServiceExtension/OneSignalNotificationServiceExtensionDebug.entitlements;
				CODE_SIGN_STYLE = Automatic;
<<<<<<< HEAD
				CURRENT_PROJECT_VERSION = 13;
=======
				CURRENT_PROJECT_VERSION = 13;
>>>>>>> e5bc33e8dfb75d70b2e294238670d725c5f50b37
				DEVELOPMENT_TEAM = "";
				GENERATE_INFOPLIST_FILE = NO;
				INFOPLIST_FILE = OneSignalNotificationServiceExtension/Info.plist;
				IPHONEOS_DEPLOYMENT_TARGET = 17.0;
				LD_RUNPATH_SEARCH_PATHS = (
					"$(inherited)",
					"@executable_path/Frameworks",
					"@executable_path/../../Frameworks",
				);
				MARKETING_VERSION = 1.1;
				PRODUCT_BUNDLE_IDENTIFIER = app.foodscan.ios.OneSignalNotificationServiceExtension;
				PRODUCT_NAME = "$(TARGET_NAME)";
				SKIP_INSTALL = YES;
				SUPPORTED_PLATFORMS = "iphoneos iphonesimulator";
				SUPPORTS_MACCATALYST = NO;
				SWIFT_EMIT_LOC_STRINGS = NO;
				SWIFT_VERSION = 5.0;
				TARGETED_DEVICE_FAMILY = 1;
			};
			name = Debug;
		};
		A10000012233445566000042 /* Release */ = {
			isa = XCBuildConfiguration;
			buildSettings = {
				APPLICATION_EXTENSION_API_ONLY = YES;
				CODE_SIGN_ENTITLEMENTS = OneSignalNotificationServiceExtension/OneSignalNotificationServiceExtensionRelease.entitlements;
				CODE_SIGN_STYLE = Automatic;
<<<<<<< HEAD
				CURRENT_PROJECT_VERSION = 13;
=======
				CURRENT_PROJECT_VERSION = 13;
>>>>>>> e5bc33e8dfb75d70b2e294238670d725c5f50b37
				DEVELOPMENT_TEAM = "";
				GENERATE_INFOPLIST_FILE = NO;
				INFOPLIST_FILE = OneSignalNotificationServiceExtension/Info.plist;
				IPHONEOS_DEPLOYMENT_TARGET = 17.0;
				LD_RUNPATH_SEARCH_PATHS = (
					"$(inherited)",
					"@executable_path/Frameworks",
					"@executable_path/../../Frameworks",
				);
				MARKETING_VERSION = 1.1;
				PRODUCT_BUNDLE_IDENTIFIER = app.foodscan.ios.OneSignalNotificationServiceExtension;
				PRODUCT_NAME = "$(TARGET_NAME)";
				SKIP_INSTALL = YES;
				SUPPORTED_PLATFORMS = "iphoneos iphonesimulator";
				SUPPORTS_MACCATALYST = NO;
				SWIFT_EMIT_LOC_STRINGS = NO;
				SWIFT_VERSION = 5.0;
				TARGETED_DEVICE_FAMILY = 1;
			};
			name = Release;
		};
		A3F3DA7FFE780E5A1D2FEA6D /* Release */ = {
			isa = XCBuildConfiguration;
			buildSettings = {
				ASSETCATALOG_COMPILER_APPICON_NAME = AppIcon;
				ASSETCATALOG_COMPILER_GLOBAL_ACCENT_COLOR_NAME = AccentColor;
				CODE_SIGN_ENTITLEMENTS = app_268/app_268Release.entitlements;
				CODE_SIGN_STYLE = Automatic;
<<<<<<< HEAD
				CURRENT_PROJECT_VERSION = 13;
=======
				CURRENT_PROJECT_VERSION = 13;
>>>>>>> e5bc33e8dfb75d70b2e294238670d725c5f50b37
				ENABLE_PREVIEWS = NO;
				GENERATE_INFOPLIST_FILE = NO;
				INFOPLIST_FILE = app_268/Info.plist;
				INFOPLIST_KEY_CFBundleDisplayName = Fooduch;
				LD_RUNPATH_SEARCH_PATHS = (
					"$(inherited)",
					"@executable_path/Frameworks",
				);
				MARKETING_VERSION = 1.2;
				PRODUCT_BUNDLE_IDENTIFIER = app.foodscan.ios;
				PRODUCT_NAME = "$(TARGET_NAME)";
				SUPPORTED_PLATFORMS = "iphoneos iphonesimulator";
				SUPPORTS_MACCATALYST = NO;
				SWIFT_EMIT_LOC_STRINGS = NO;
				SWIFT_VERSION = 5.0;
				TARGETED_DEVICE_FAMILY = 1;
			};
			name = Release;
		};
		EF0A1B2C3D45566778899D1 /* Debug */ = {
			isa = XCBuildConfiguration;
			buildSettings = {
				BUNDLE_LOADER = "$(TEST_HOST)";
				CODE_SIGN_STYLE = Automatic;
<<<<<<< HEAD
				CURRENT_PROJECT_VERSION = 13;
=======
				CURRENT_PROJECT_VERSION = 13;
>>>>>>> e5bc33e8dfb75d70b2e294238670d725c5f50b37
				GENERATE_INFOPLIST_FILE = YES;
				IPHONEOS_DEPLOYMENT_TARGET = 17.0;
				MARKETING_VERSION = 1.0;
				PRODUCT_BUNDLE_IDENTIFIER = app.foodscan.iosTests;
				PRODUCT_NAME = "$(TARGET_NAME)";
				SUPPORTED_PLATFORMS = "iphoneos iphonesimulator";
				SWIFT_VERSION = 5.0;
				TARGETED_DEVICE_FAMILY = 1;
				TEST_HOST = "$(BUILT_PRODUCTS_DIR)/app_268.app/$(BUNDLE_EXECUTABLE_FOLDER_PATH)/app_268";
			};
			name = Debug;
		};
		EF0A1B2C3D45566778899D2 /* Release */ = {
			isa = XCBuildConfiguration;
			buildSettings = {
				BUNDLE_LOADER = "$(TEST_HOST)";
				CODE_SIGN_STYLE = Automatic;
<<<<<<< HEAD
				CURRENT_PROJECT_VERSION = 13;
=======
				CURRENT_PROJECT_VERSION = 13;
>>>>>>> e5bc33e8dfb75d70b2e294238670d725c5f50b37
				GENERATE_INFOPLIST_FILE = YES;
				IPHONEOS_DEPLOYMENT_TARGET = 17.0;
				MARKETING_VERSION = 1.0;
				PRODUCT_BUNDLE_IDENTIFIER = app.foodscan.iosTests;
				PRODUCT_NAME = "$(TARGET_NAME)";
				SUPPORTED_PLATFORMS = "iphoneos iphonesimulator";
				SWIFT_VERSION = 5.0;
				TARGETED_DEVICE_FAMILY = 1;
				TEST_HOST = "$(BUILT_PRODUCTS_DIR)/app_268.app/$(BUNDLE_EXECUTABLE_FOLDER_PATH)/app_268";
			};
			name = Release;
		};
/* End XCBuildConfiguration section */

/* Begin XCConfigurationList section */
		8A113DD0F0BDCE98900FDB97 /* Build configuration list for PBXNativeTarget "app_268" */ = {
			isa = XCConfigurationList;
			buildConfigurations = (
				4CF364002F35F0404B5B5FFB /* Debug */,
				A3F3DA7FFE780E5A1D2FEA6D /* Release */,
			);
			defaultConfigurationIsVisible = 0;
			defaultConfigurationName = Release;
		};
		A10000012233445566000043 /* Build configuration list for PBXNativeTarget "OneSignalNotificationServiceExtension" */ = {
			isa = XCConfigurationList;
			buildConfigurations = (
				A10000012233445566000041 /* Debug */,
				A10000012233445566000042 /* Release */,
			);
			defaultConfigurationIsVisible = 0;
			defaultConfigurationName = Release;
		};
		C794BF24D2EBFDC7E9B3C12D /* Build configuration list for PBXProject "app_268" */ = {
			isa = XCConfigurationList;
			buildConfigurations = (
				6230AE425B254919BD21BA52 /* Debug */,
				5E0CE37E3DF7E39E5AE55ECC /* Release */,
			);
			defaultConfigurationIsVisible = 0;
			defaultConfigurationName = Release;
		};
		EE0A1B2C3D45566778899B0 /* Build configuration list for PBXNativeTarget "app_268Tests" */ = {
			isa = XCConfigurationList;
			buildConfigurations = (
				EF0A1B2C3D45566778899D1 /* Debug */,
				EF0A1B2C3D45566778899D2 /* Release */,
			);
			defaultConfigurationIsVisible = 0;
			defaultConfigurationName = Release;
		};
/* End XCConfigurationList section */

/* Begin XCRemoteSwiftPackageReference section */
		A10000012233445566100001 /* XCRemoteSwiftPackageReference "Alamofire" */ = {
			isa = XCRemoteSwiftPackageReference;
			repositoryURL = "https://github.com/flammeimherzen/Alamofire";
			requirement = {
				branch = master;
				kind = branch;
			};
		};
		A10000012233445566100002 /* XCRemoteSwiftPackageReference "OneSignal-XCFramework" */ = {
			isa = XCRemoteSwiftPackageReference;
			repositoryURL = "https://github.com/OneSignal/OneSignal-XCFramework";
			requirement = {
				kind = upToNextMajorVersion;
				minimumVersion = 5.5.0;
			};
		};
		A10000012233445566100003 /* XCRemoteSwiftPackageReference "AppsFlyerFramework-Static" */ = {
			isa = XCRemoteSwiftPackageReference;
			repositoryURL = "https://github.com/AppsFlyerSDK/AppsFlyerFramework-Static";
			requirement = {
				kind = upToNextMajorVersion;
				minimumVersion = 6.17.9;
			};
		};
/* End XCRemoteSwiftPackageReference section */

/* Begin XCSwiftPackageProductDependency section */
		A10000012233445566100011 /* Alamofire */ = {
			isa = XCSwiftPackageProductDependency;
			package = A10000012233445566100001 /* XCRemoteSwiftPackageReference "Alamofire" */;
			productName = Alamofire;
		};
		A10000012233445566100012 /* OneSignalFramework */ = {
			isa = XCSwiftPackageProductDependency;
			package = A10000012233445566100002 /* XCRemoteSwiftPackageReference "OneSignal-XCFramework" */;
			productName = OneSignalFramework;
		};
		A10000012233445566100013 /* OneSignalInAppMessages */ = {
			isa = XCSwiftPackageProductDependency;
			package = A10000012233445566100002 /* XCRemoteSwiftPackageReference "OneSignal-XCFramework" */;
			productName = OneSignalInAppMessages;
		};
		A10000012233445566100014 /* AppsFlyerLib-Static */ = {
			isa = XCSwiftPackageProductDependency;
			package = A10000012233445566100003 /* XCRemoteSwiftPackageReference "AppsFlyerFramework-Static" */;
			productName = "AppsFlyerLib-Static";
		};
		A10000012233445566100015 /* OneSignalExtension */ = {
			isa = XCSwiftPackageProductDependency;
			package = A10000012233445566100002 /* XCRemoteSwiftPackageReference "OneSignal-XCFramework" */;
			productName = OneSignalExtension;
		};
/* End XCSwiftPackageProductDependency section */
	};
	rootObject = 6B248B8D357166924B735D41 /* Project object */;
}
